<?xml version="1.0" encoding="utf-8"?>
<Project ToolsVersion="4.0" xmlns="http://schemas.microsoft.com/developer/msbuild/2003">
  <ItemGroup>
    <ClCompile Include="Source\main.cpp" />
    <ClCompile Include="Source\glad.c" />
    <ClCompile Include="Source\Renderer.cpp" />
    <ClCompile Include="Source\ImGui\imgui.cpp" />
    <ClCompile Include="Source\ImGui\imgui_demo.cpp" />
    <ClCompile Include="Source\ImGui\imgui_draw.cpp" />
    <ClCompile Include="Source\ImGui\imgui_impl_glfw.cpp" />
    <ClCompile Include="Source\ImGui\imgui_impl_opengl3.cpp" />
    <ClCompile Include="Source\ImGui\imgui_tables.cpp" />
    <ClCompile Include="Source\ImGui\imgui_widgets.cpp" />
    <ClCompile Include="Source\MeshRenderer.cpp" />
    <ClCompile Include="Source\Shader.cpp" />
    <ClCompile Include="Source\Object.cpp" />
    <ClCompile Include="Source\Transform.cpp" />
    <ClCompile Include="Source\Material.cpp" />
    <ClCompile Include="Source\precomp.cpp" />
    <ClCompile Include="Source\DefaultMaterial.cpp" />
    <ClCompile Include="Source\Camera.cpp" />
    <ClCompile Include="Source\Sprite.cpp" />
    <ClCompile Include="Source\Texture.cpp" />
    <ClCompile Include="Source\stb_image.cpp" />
    <ClCompile Include="Source\Mesh.cpp" />
    <ClCompile Include="Source\Model.cpp" />
    <ClCompile Include="Source\ModelLibrary.cpp" />
    <ClCompile Include="Source\TextureLibrary.cpp" />
    <ClCompile Include="Source\DepthMaterial.cpp" />
    <ClCompile Include="Source\DiffuseMaterial.cpp" />
    <ClCompile Include="Source\ImguiHandler.cpp" />
  </ItemGroup>
  <ItemGroup>
    <ClInclude Include="Source\Renderer.h" />
    <ClInclude Include="Source\ImGui\imconfig.h" />
    <ClInclude Include="Source\ImGui\imgui.h" />
    <ClInclude Include="Source\ImGui\imgui_impl_glfw.h" />
    <ClInclude Include="Source\ImGui\imgui_impl_opengl3.h" />
    <ClInclude Include="Source\ImGui\imgui_impl_opengl3_loader.h" />
    <ClInclude Include="Source\ImGui\imgui_internal.h" />
    <ClInclude Include="Source\ImGui\imstb_rectpack.h" />
    <ClInclude Include="Source\ImGui\imstb_textedit.h" />
    <ClInclude Include="Source\ImGui\imstb_truetype.h" />
    <ClInclude Include="Source\MeshRenderer.h" />
    <ClInclude Include="Source\precomp.h" />
    <ClInclude Include="Source\Shader.h" />
    <ClInclude Include="Source\Object.h" />
    <ClInclude Include="Source\Transform.h" />
    <ClInclude Include="Source\Material.h" />
    <ClInclude Include="Source\DefaultMaterial.h" />
    <ClInclude Include="Source\Camera.h" />
    <ClInclude Include="Source\Sprite.h" />
    <ClInclude Include="Source\Texture.h" />
    <ClInclude Include="Source\Mesh.h" />
    <ClInclude Include="Source\Model.h" />
    <ClInclude Include="Source\ModelLibrary.h" />
    <ClInclude Include="Source\TextureLibrary.h" />
    <ClInclude Include="Source\stb_image.h" />
    <ClInclude Include="Source\DepthMaterial.h" />
    <ClInclude Include="Source\DiffuseMaterial.h" />
    <ClInclude Include="Source\ImguiHandler.h" />
  </ItemGroup>
  <ItemGroup>
    <None Include="Source\Shaders\default.vert" />
    <None Include="Source\Shaders\default.frag" />
    <None Include="Source\Shaders\depthTest.frag" />
    <None Include="Source\Shaders\diffuse.frag" />
  </ItemGroup>
</Project>